
Microsoft Visual Studio Solution File, Format Version 12.00
Project("{FAE04EC0-301F-11D3-BF4B-00C04F79EFBC}") = "Fundamental.DataStructuresAndAlgorithms", "Fundamental.DataStructuresAndAlgorithms\Fundamental.DataStructuresAndAlgorithms.csproj", "{779C7FA4-D043-43C4-9427-925223D0C633}"
EndProject
Global
	GlobalSection(SolutionConfigurationPlatforms) = preSolution
		Debug|Any CPU = Debug|Any CPU
		Release|Any CPU = Release|Any CPU
	EndGlobalSection
	GlobalSection(ProjectConfigurationPlatforms) = postSolution
		{779C7FA4-D043-43C4-9427-925223D0C633}.Debug|Any CPU.ActiveCfg = Debug|Any CPU
		{779C7FA4-D043-43C4-9427-925223D0C633}.Debug|Any CPU.Build.0 = Debug|Any CPU
		{779C7FA4-D043-43C4-9427-925223D0C633}.Release|Any CPU.ActiveCfg = Release|Any CPU
		{779C7FA4-D043-43C4-9427-925223D0C633}.Release|Any CPU.Build.0 = Release|Any CPU
	EndGlobalSection
EndGlobal
